
Microsoft Visual Studio Solution File, Format Version 12.00
# Visual Studio 14
VisualStudioVersion = 14.0.24720.0
MinimumVisualStudioVersion = 10.0.40219.1
Project("{FAE04EC0-301F-11D3-BF4B-00C04F79EFBC}") = "Trisoft.Configuration.Automation", "Trisoft.Configuration.Automation\Trisoft.Configuration.Automation.csproj", "{2CE21D0A-4B98-4751-8687-CFF1C0A7A479}"
EndProject
Project("{F5034706-568F-408A-B7B3-4D38C6DB8A32}") = "Trisoft.Configuration.Automation.PowerShell", "Trisoft.Configuration.Automation.PowerShell\Trisoft.Configuration.Automation.PowerShell.pssproj", "{6CAFC0C6-A428-4D30-A9F9-700E829FEA51}"
EndProject
Project("{FAE04EC0-301F-11D3-BF4B-00C04F79EFBC}") = "Trisoft.Configuration.Automation.Tests", "Trisoft.Configuration.Automation.Tests\Trisoft.Configuration.Automation.Tests.csproj", "{961EE2E2-F794-4B8B-AAAF-9DF18982DC10}"
EndProject
Global
	GlobalSection(SolutionConfigurationPlatforms) = preSolution
		Debug|Any CPU = Debug|Any CPU
		Release|Any CPU = Release|Any CPU
	EndGlobalSection
	GlobalSection(ProjectConfigurationPlatforms) = postSolution
		{2CE21D0A-4B98-4751-8687-CFF1C0A7A479}.Debug|Any CPU.ActiveCfg = Debug|Any CPU
		{2CE21D0A-4B98-4751-8687-CFF1C0A7A479}.Debug|Any CPU.Build.0 = Debug|Any CPU
		{2CE21D0A-4B98-4751-8687-CFF1C0A7A479}.Release|Any CPU.ActiveCfg = Release|Any CPU
		{2CE21D0A-4B98-4751-8687-CFF1C0A7A479}.Release|Any CPU.Build.0 = Release|Any CPU
		{6CAFC0C6-A428-4D30-A9F9-700E829FEA51}.Debug|Any CPU.ActiveCfg = Debug|Any CPU
		{6CAFC0C6-A428-4D30-A9F9-700E829FEA51}.Debug|Any CPU.Build.0 = Debug|Any CPU
		{6CAFC0C6-A428-4D30-A9F9-700E829FEA51}.Release|Any CPU.ActiveCfg = Release|Any CPU
		{6CAFC0C6-A428-4D30-A9F9-700E829FEA51}.Release|Any CPU.Build.0 = Release|Any CPU
		{961EE2E2-F794-4B8B-AAAF-9DF18982DC10}.Debug|Any CPU.ActiveCfg = Debug|Any CPU
		{961EE2E2-F794-4B8B-AAAF-9DF18982DC10}.Debug|Any CPU.Build.0 = Debug|Any CPU
		{961EE2E2-F794-4B8B-AAAF-9DF18982DC10}.Release|Any CPU.ActiveCfg = Release|Any CPU
		{961EE2E2-F794-4B8B-AAAF-9DF18982DC10}.Release|Any CPU.Build.0 = Release|Any CPU
	EndGlobalSection
	GlobalSection(SolutionProperties) = preSolution
		HideSolutionNode = FALSE
	EndGlobalSection
EndGlobal
